Microsoft Visual Studio Solution File, Format Version 12.00
# Visual Studio Version 18
VisualStudioVersion = 18.2.11415.280
MinimumVisualStudioVersion = 10.0.40219.1
Project("{FAE04EC0-301F-11D3-BF4B-00C04F79EFBC}") = "OpenPlaDiC.WebApp", "OpenPlaDiC.WebApp\OpenPlaDiC.WebApp.csproj", "{F1F115B3-788E-C1DA-D80B-97D0CB4AFAF4}"
EndProject
Project("{FAE04EC0-301F-11D3-BF4B-00C04F79EFBC}") = "OpenPlaDiC.BIZ", "OpenPlaDiC.BIZ\OpenPlaDiC.BIZ.csproj", "{B6A60458-C3D8-3D14-6872-3EF9389680D4}"
EndProject
Project("{FAE04EC0-301F-11D3-BF4B-00C04F79EFBC}") = "OpenPlaDiC.DAL", "OpenPlaDiC.DAL\OpenPlaDiC.DAL.csproj", "{99965384-D8DB-46CF-816B-5E40A2AD5FB9}"
EndProject
Project("{FAE04EC0-301F-11D3-BF4B-00C04F79EFBC}") = "OpenPlaDiC.Framework", "OpenPlaDiC.Framework\OpenPlaDiC.Framework.csproj", "{9A09B62E-C716-708D-169C-81E1465E19D4}"
EndProject
Project("{FAE04EC0-301F-11D3-BF4B-00C04F79EFBC}") = "OpenPlaDiC.SF", "OpenPlaDiC.SF\OpenPlaDiC.SF.csproj", "{49C3E27E-D55F-DF0A-B419-E9CB7AECCD3F}"
EndProject
Project("{FAE04EC0-301F-11D3-BF4B-00C04F79EFBC}") = "OpenPlaDiC.EXT", "OpenPlaDiC.EXT\OpenPlaDiC.EXT.csproj", "{B0A5BABF-41FE-4FE9-9257-C49DB522D793}"
EndProject
Project("{2150E333-8FDC-42A3-9474-1A3956D46DE8}") = "Custom", "Custom", "{A9CD4D38-BBF1-481D-9AB9-CB04D96DAAF2}"
EndProject
Project("{2150E333-8FDC-42A3-9474-1A3956D46DE8}") = "Ecuacorcias", "Ecuacorcias", "{8BB3FC69-C6B1-4CE8-8136-81E21EE706C7}"
EndProject
Project("{FAE04EC0-301F-11D3-BF4B-00C04F79EFBC}") = "OpenPlaDiC.CronEcuacorcias", "OpenPlaDiC.CronEcuacorcias\OpenPlaDiC.CronEcuacorcias.csproj", "{9A4D2A2A-FDD6-4957-BFF1-C3B1F69B60FA}"
EndProject
Global
	GlobalSection(SolutionConfigurationPlatforms) = preSolution
		Debug|Any CPU = Debug|Any CPU
		Release|Any CPU = Release|Any CPU
	EndGlobalSection
	GlobalSection(ProjectConfigurationPlatforms) = postSolution
		{F1F115B3-788E-C1DA-D80B-97D0CB4AFAF4}.Debug|Any CPU.ActiveCfg = Debug|Any CPU
		{F1F115B3-788E-C1DA-D80B-97D0CB4AFAF4}.Debug|Any CPU.Build.0 = Debug|Any CPU
		{F1F115B3-788E-C1DA-D80B-97D0CB4AFAF4}.Release|Any CPU.ActiveCfg = Release|Any CPU
		{F1F115B3-788E-C1DA-D80B-97D0CB4AFAF4}.Release|Any CPU.Build.0 = Release|Any CPU
		{B6A60458-C3D8-3D14-6872-3EF9389680D4}.Debug|Any CPU.ActiveCfg = Debug|Any CPU
		{B6A60458-C3D8-3D14-6872-3EF9389680D4}.Debug|Any CPU.Build.0 = Debug|Any CPU
		{B6A60458-C3D8-3D14-6872-3EF9389680D4}.Release|Any CPU.ActiveCfg = Release|Any CPU
		{B6A60458-C3D8-3D14-6872-3EF9389680D4}.Release|Any CPU.Build.0 = Release|Any CPU
		{99965384-D8DB-46CF-816B-5E40A2AD5FB9}.Debug|Any CPU.ActiveCfg = Debug|Any CPU
		{99965384-D8DB-46CF-816B-5E40A2AD5FB9}.Debug|Any CPU.Build.0 = Debug|Any CPU
		{99965384-D8DB-46CF-816B-5E40A2AD5FB9}.Release|Any CPU.ActiveCfg = Release|Any CPU
		{99965384-D8DB-46CF-816B-5E40A2AD5FB9}.Release|Any CPU.Build.0 = Release|Any CPU
		{9A09B62E-C716-708D-169C-81E1465E19D4}.Debug|Any CPU.ActiveCfg = Debug|Any CPU
		{9A09B62E-C716-708D-169C-81E1465E19D4}.Debug|Any CPU.Build.0 = Debug|Any CPU
		{9A09B62E-C716-708D-169C-81E1465E19D4}.Release|Any CPU.ActiveCfg = Release|Any CPU
		{9A09B62E-C716-708D-169C-81E1465E19D4}.Release|Any CPU.Build.0 = Release|Any CPU
		{49C3E27E-D55F-DF0A-B419-E9CB7AECCD3F}.Debug|Any CPU.ActiveCfg = Debug|Any CPU
		{49C3E27E-D55F-DF0A-B419-E9CB7AECCD3F}.Debug|Any CPU.Build.0 = Debug|Any CPU
		{49C3E27E-D55F-DF0A-B419-E9CB7AECCD3F}.Release|Any CPU.ActiveCfg = Release|Any CPU
		{49C3E27E-D55F-DF0A-B419-E9CB7AECCD3F}.Release|Any CPU.Build.0 = Release|Any CPU
		{B0A5BABF-41FE-4FE9-9257-C49DB522D793}.Debug|Any CPU.ActiveCfg = Debug|Any CPU
		{B0A5BABF-41FE-4FE9-9257-C49DB522D793}.Debug|Any CPU.Build.0 = Debug|Any CPU
		{B0A5BABF-41FE-4FE9-9257-C49DB522D793}.Release|Any CPU.ActiveCfg = Release|Any CPU
		{B0A5BABF-41FE-4FE9-9257-C49DB522D793}.Release|Any CPU.Build.0 = Release|Any CPU
		{9A4D2A2A-FDD6-4957-BFF1-C3B1F69B60FA}.Debug|Any CPU.ActiveCfg = Debug|Any CPU
		{9A4D2A2A-FDD6-4957-BFF1-C3B1F69B60FA}.Debug|Any CPU.Build.0 = Debug|Any CPU
		{9A4D2A2A-FDD6-4957-BFF1-C3B1F69B60FA}.Release|Any CPU.ActiveCfg = Release|Any CPU
		{9A4D2A2A-FDD6-4957-BFF1-C3B1F69B60FA}.Release|Any CPU.Build.0 = Release|Any CPU
	EndGlobalSection
	GlobalSection(SolutionProperties) = preSolution
		HideSolutionNode = FALSE
	EndGlobalSection
	GlobalSection(NestedProjects) = preSolution
		{8BB3FC69-C6B1-4CE8-8136-81E21EE706C7} = {A9CD4D38-BBF1-481D-9AB9-CB04D96DAAF2}
		{9A4D2A2A-FDD6-4957-BFF1-C3B1F69B60FA} = {8BB3FC69-C6B1-4CE8-8136-81E21EE706C7}
	EndGlobalSection
	GlobalSection(ExtensibilityGlobals) = postSolution
		SolutionGuid = {66C47702-53D4-4546-B916-D3F9B8E19DCD}
	EndGlobalSection
EndGlobal
